{
  "name": "cometdclient",
  "version": "1.0.0",
  "lockfileVersion": 1,
  "requires": true,
  "dependencies": {
    "@tootallnate/once": {
      "version": "1.1.2",
      "resolved": "https://baird.jfrog.io/baird/api/npm/it-npm-prd/@tootallnate/once/-/once-1.1.2.tgz",
      "integrity": "sha1-zLkURTYBeaBOf+av94wA/8Hur4I="
    },
    "agent-base": {
      "version": "6.0.2",
      "resolved": "https://baird.jfrog.io/baird/api/npm/it-npm-prd/agent-base/-/agent-base-6.0.2.tgz",
      "integrity": "sha1-Sf/1hXfP7j83F2/qtMIuAPhtf3c=",
      "requires": {
        "debug": "4"
      }
    },
    "cometd": {
      "version": "7.0.2",
      "resolved": "https://baird.jfrog.io/baird/api/npm/it-npm-prd/cometd/-/cometd-7.0.2.tgz",
      "integrity": "sha1-cRRvgQiN6d01j4PlRICjCRZx4Ps="
    },
    "cometd-nodejs-client": {
      "version": "1.3.0",
      "resolved": "https://baird.jfrog.io/baird/api/npm/it-npm-prd/cometd-nodejs-client/-/cometd-nodejs-client-1.3.0.tgz",
      "integrity": "sha1-TJWUymEncirF43x8/zMxvBYeFvQ=",
      "requires": {
        "cometd": ">=3.1.2",
        "http-proxy-agent": ">=2.1.0",
        "https-proxy-agent": ">=2.1.0",
        "ws": ">=7.2.0"
      }
    },
    "debug": {
      "version": "4.3.1",
      "resolved": "https://baird.jfrog.io/baird/api/npm/it-npm-prd/debug/-/debug-4.3.1.tgz",
      "integrity": "sha1-8NIpxQXgxtjEmsVT0bE9wYP2su4=",
      "requires": {
        "ms": "2.1.2"
      }
    },
    "http-proxy-agent": {
      "version": "4.0.1",
      "resolved": "https://baird.jfrog.io/baird/api/npm/it-npm-prd/http-proxy-agent/-/http-proxy-agent-4.0.1.tgz",
      "integrity": "sha1-ioyO9/WTLM+VPClsqCkblap0qjo=",
      "requires": {
        "@tootallnate/once": "1",
        "agent-base": "6",
        "debug": "4"
      }
    },
    "https-proxy-agent": {
      "version": "5.0.0",
      "resolved": "https://baird.jfrog.io/baird/api/npm/it-npm-prd/https-proxy-agent/-/https-proxy-agent-5.0.0.tgz",
      "integrity": "sha1-4qkFQqu2inYuCghQ9sntrf2FBrI=",
      "requires": {
        "agent-base": "6",
        "debug": "4"
      }
    },
    "ms": {
      "version": "2.1.2",
      "resolved": "https://baird.jfrog.io/baird/api/npm/it-npm-prd/ms/-/ms-2.1.2.tgz",
      "integrity": "sha1-0J0fNXtEP0kzgqjrPM0YOHKuYAk="
    },
    "ws": {
      "version": "7.4.4",
      "resolved": "https://baird.jfrog.io/baird/api/npm/it-npm-prd/ws/-/ws-7.4.4.tgz",
      "integrity": "sha1-ODvJdCyyAikskHfOq29gR7F/LVk="
    }
  }
}
